
Microsoft Visual Studio Solution File, Format Version 12.00
# Visual Studio Version 16
VisualStudioVersion = 16.0.29020.237
MinimumVisualStudioVersion = 10.0.40219.1
Project("{FAE04EC0-301F-11D3-BF4B-00C04F79EFBC}") = "Tranq.WebsiteTutorial", "Tranq.WebsiteTutorial\Tranq.WebsiteTutorial.csproj", "{A7733768-30CA-4B36-844F-DAB68D9763B2}"
EndProject
Global
	GlobalSection(SolutionConfigurationPlatforms) = preSolution
		Debug|Any CPU = Debug|Any CPU
		Release|Any CPU = Release|Any CPU
	EndGlobalSection
	GlobalSection(ProjectConfigurationPlatforms) = postSolution
		{A7733768-30CA-4B36-844F-DAB68D9763B2}.Debug|Any CPU.ActiveCfg = Debug|Any CPU
		{A7733768-30CA-4B36-844F-DAB68D9763B2}.Debug|Any CPU.Build.0 = Debug|Any CPU
		{A7733768-30CA-4B36-844F-DAB68D9763B2}.Release|Any CPU.ActiveCfg = Release|Any CPU
		{A7733768-30CA-4B36-844F-DAB68D9763B2}.Release|Any CPU.Build.0 = Release|Any CPU
	EndGlobalSection
	GlobalSection(SolutionProperties) = preSolution
		HideSolutionNode = FALSE
	EndGlobalSection
	GlobalSection(ExtensibilityGlobals) = postSolution
		SolutionGuid = {AB00DE8E-A963-4C2E-A88C-69EAB24106A8}
	EndGlobalSection
EndGlobal
